{
    "_readme": [
        "This file locks the dependencies of your project to a known state",
        "Read more about it at https://getcomposer.org/doc/01-basic-usage.md#installing-dependencies",
        "This file is @generated automatically"
    ],
    "content-hash": "e4ea3908910487ba3c6b9d71f446a026",
    "packages": [
        {
            "name": "activecampaign/api-php",
            "version": "v2.0.3",
            "source": {
                "type": "git",
                "url": "https://github.com/ActiveCampaign/activecampaign-api-php.git",
                "reference": "2bf5b72ba8668de8dcb27e194948028276e748c5"
            },
            "dist": {
                "type": "zip",
                "url": "https://api.github.com/repos/ActiveCampaign/activecampaign-api-php/zipball/2bf5b72ba8668de8dcb27e194948028276e748c5",
                "reference": "2bf5b72ba8668de8dcb27e194948028276e748c5",
                "shasum": ""
            },
            "require": {
                "ext-curl": "*",
                "php": ">=5.3.0"
            },
            "type": "library",
            "autoload": {
                "classmap": [
                    "includes/"
                ]
            },
            "notification-url": "https://packagist.org/downloads/",
            "license": [
                "MIT"
            ],
            "description": "Official PHP wrapper for the ActiveCampaign API.",
            "homepage": "https://github.com/ActiveCampaign/activecampaign-api-php",
            "keywords": [
                "Forms",
                "activecampaign",
                "automation",
                "email-marketing",
                "emails",
                "marketing-automation",
                "newsletter",
                "subscribe"
            ],
            "support": {
                "email": "help@activecampaign.com",
                "forum": "http://feedback.activecampaign.com/forums/238014-feedback-ideas/category/78647-api",
                "issues": "https://github.com/ActiveCampaign/activecampaign-api-php/issues",
                "source": "https://github.com/ActiveCampaign/activecampaign-api-php/tree/master"
            },
            "time": "2017-04-26T00:00:00+00:00"
        }
    ],
    "packages-dev": [],
    "aliases": [],
    "minimum-stability": "stable",
    "stability-flags": [],
    "prefer-stable": false,
    "prefer-lowest": false,
    "platform": [],
    "platform-dev": [],
    "plugin-api-version": "2.3.0"
}
